
Microsoft Visual Studio Solution File, Format Version 12.00
# Visual Studio Version 17
VisualStudioVersion = 17.2.32630.192
MinimumVisualStudioVersion = 10.0.40219.1
Project("{FAE04EC0-301F-11D3-BF4B-00C04F79EFBC}") = "Methods_DB", "Methods_DB\Methods_DB.csproj", "{1D6307DF-A802-4229-ACC2-8F05BADBB03E}"
EndProject
Project("{2150E333-8FDC-42A3-9474-1A3956D46DE8}") = "Test", "Test", "{E77FEDF0-C450-4AA6-90AA-835F77619098}"
EndProject
Project("{FAE04EC0-301F-11D3-BF4B-00C04F79EFBC}") = "Methods_DB_Console", "Test\Methods_DB_Console\Methods_DB_Console.csproj", "{AB7F0A29-6E1F-446F-8DB8-ECEF6BE9196A}"
EndProject
Project("{FAE04EC0-301F-11D3-BF4B-00C04F79EFBC}") = "Methods_DB_Test", "Tests\Methods_DB_Test\Methods_DB_Test.csproj", "{4BFE56E8-5B30-4BF8-BDAB-92A6F4E94E5E}"
EndProject
Global
	GlobalSection(SolutionConfigurationPlatforms) = preSolution
		Debug|Any CPU = Debug|Any CPU
		Release|Any CPU = Release|Any CPU
	EndGlobalSection
	GlobalSection(ProjectConfigurationPlatforms) = postSolution
		{1D6307DF-A802-4229-ACC2-8F05BADBB03E}.Debug|Any CPU.ActiveCfg = Debug|Any CPU
		{1D6307DF-A802-4229-ACC2-8F05BADBB03E}.Debug|Any CPU.Build.0 = Debug|Any CPU
		{1D6307DF-A802-4229-ACC2-8F05BADBB03E}.Release|Any CPU.ActiveCfg = Release|Any CPU
		{1D6307DF-A802-4229-ACC2-8F05BADBB03E}.Release|Any CPU.Build.0 = Release|Any CPU
		{AB7F0A29-6E1F-446F-8DB8-ECEF6BE9196A}.Debug|Any CPU.ActiveCfg = Debug|Any CPU
		{AB7F0A29-6E1F-446F-8DB8-ECEF6BE9196A}.Debug|Any CPU.Build.0 = Debug|Any CPU
		{AB7F0A29-6E1F-446F-8DB8-ECEF6BE9196A}.Release|Any CPU.ActiveCfg = Release|Any CPU
		{AB7F0A29-6E1F-446F-8DB8-ECEF6BE9196A}.Release|Any CPU.Build.0 = Release|Any CPU
		{4BFE56E8-5B30-4BF8-BDAB-92A6F4E94E5E}.Debug|Any CPU.ActiveCfg = Debug|Any CPU
		{4BFE56E8-5B30-4BF8-BDAB-92A6F4E94E5E}.Debug|Any CPU.Build.0 = Debug|Any CPU
		{4BFE56E8-5B30-4BF8-BDAB-92A6F4E94E5E}.Release|Any CPU.ActiveCfg = Release|Any CPU
		{4BFE56E8-5B30-4BF8-BDAB-92A6F4E94E5E}.Release|Any CPU.Build.0 = Release|Any CPU
	EndGlobalSection
	GlobalSection(SolutionProperties) = preSolution
		HideSolutionNode = FALSE
	EndGlobalSection
	GlobalSection(NestedProjects) = preSolution
		{AB7F0A29-6E1F-446F-8DB8-ECEF6BE9196A} = {E77FEDF0-C450-4AA6-90AA-835F77619098}
		{4BFE56E8-5B30-4BF8-BDAB-92A6F4E94E5E} = {E77FEDF0-C450-4AA6-90AA-835F77619098}
	EndGlobalSection
	GlobalSection(ExtensibilityGlobals) = postSolution
		SolutionGuid = {27BF8EC9-1B04-4335-B3EB-76329E69583D}
	EndGlobalSection
EndGlobal
